{
  "version": 4,
  "terraform_version": "1.2.5",
  "serial": 24,
  "lineage": "2ed91a76-75ec-6a1b-5cc9-b32468371ef1",
  "outputs": {},
  "resources": [
    {
      "module": "module.CE",
      "mode": "managed",
      "type": "google_compute_instance",
      "name": "compu_instance",
      "provider": "provider[\"registry.terraform.io/hashicorp/google\"]",
      "instances": [
        {
          "index_key": 0,
          "schema_version": 6,
          "attributes": {
            "advanced_machine_features": [],
            "allow_stopping_for_update": null,
            "attached_disk": [],
            "boot_disk": [
              {
                "auto_delete": true,
                "device_name": "persistent-disk-0",
                "disk_encryption_key_raw": "",
                "disk_encryption_key_sha256": "",
                "initialize_params": [
                  {
                    "image": "https://www.googleapis.com/compute/v1/projects/centos-cloud/global/images/centos-7-v20220719",
                    "labels": {},
                    "size": 20,
                    "type": "pd-standard"
                  }
                ],
                "kms_key_self_link": "",
                "mode": "READ_WRITE",
                "source": "https://www.googleapis.com/compute/v1/projects/friendlychat-e3857/zones/us-central1-a/disks/n2-standard-2-0"
              }
            ],
            "can_ip_forward": false,
            "confidential_instance_config": [],
            "cpu_platform": "Intel Cascade Lake",
            "current_status": "RUNNING",
            "deletion_protection": false,
            "description": "",
            "desired_status": null,
            "enable_display": false,
            "guest_accelerator": [],
            "hostname": "",
            "id": "projects/friendlychat-e3857/zones/us-central1-a/instances/n2-standard-2-0",
            "instance_id": "2499187326049308046",
            "label_fingerprint": "42WmSpB8rSM=",
            "labels": null,
            "machine_type": "n2-standard-2",
            "metadata": {
              "enable-oslogin": "TRUE"
            },
            "metadata_fingerprint": "EdP0RmCulJI=",
            "metadata_startup_script": null,
            "min_cpu_platform": "",
            "name": "n2-standard-2-0",
            "network_interface": [
              {
                "access_config": [
                  {
                    "nat_ip": "34.132.28.3",
                    "network_tier": "PREMIUM",
                    "public_ptr_domain_name": ""
                  }
                ],
                "alias_ip_range": [],
                "ipv6_access_config": [],
                "ipv6_access_type": "",
                "name": "nic0",
                "network": "https://www.googleapis.com/compute/v1/projects/friendlychat-e3857/global/networks/custom2",
                "network_ip": "10.0.0.3",
                "nic_type": "",
                "queue_count": 0,
                "stack_type": "IPV4_ONLY",
                "subnetwork": "https://www.googleapis.com/compute/v1/projects/friendlychat-e3857/regions/us-central1/subnetworks/custom-subnetwork",
                "subnetwork_project": "friendlychat-e3857"
              }
            ],
            "project": "friendlychat-e3857",
            "reservation_affinity": [],
            "resource_policies": null,
            "scheduling": [
              {
                "automatic_restart": true,
                "instance_termination_action": "",
                "min_node_cpus": 0,
                "node_affinities": [],
                "on_host_maintenance": "MIGRATE",
                "preemptible": false,
                "provisioning_model": "STANDARD"
              }
            ],
            "scratch_disk": [
              {
                "interface": "NVME"
              }
            ],
            "self_link": "https://www.googleapis.com/compute/v1/projects/friendlychat-e3857/zones/us-central1-a/instances/n2-standard-2-0",
            "service_account": [],
            "shielded_instance_config": [
              {
                "enable_integrity_monitoring": true,
                "enable_secure_boot": false,
                "enable_vtpm": true
              }
            ],
            "tags": null,
            "tags_fingerprint": "42WmSpB8rSM=",
            "timeouts": null,
            "zone": "us-central1-a"
          },
          "sensitive_attributes": [],
          "private": "eyJlMmJmYjczMC1lY2FhLTExZTYtOGY4OC0zNDM2M2JjN2M0YzAiOnsiY3JlYXRlIjoxMjAwMDAwMDAwMDAwLCJkZWxldGUiOjEyMDAwMDAwMDAwMDAsInVwZGF0ZSI6MTIwMDAwMDAwMDAwMH0sInNjaGVtYV92ZXJzaW9uIjoiNiJ9",
          "dependencies": [
            "module.landingzone.google_compute_global_address.custom_ip_address",
            "module.landingzone.google_compute_network.vpc_custom_network",
            "module.landingzone.google_compute_subnetwork.network-with-private-secondary-ip-ranges",
            "module.landingzone.google_service_networking_connection.custom_vpc_connection",
            "module.landingzone.google_sql_database.database",
            "module.landingzone.google_sql_database_instance.instance",
            "module.landingzone.google_sql_user.users",
            "module.landingzone.module.bucket.google_storage_bucket.bucket",
            "module.landingzone.module.bucket.google_storage_bucket_iam_member.members",
            "module.landingzone.random_id.db_name_suffix",
            "module.service-enablement.google_project_service.gcp_services"
          ]
        },
        {
          "index_key": 1,
          "schema_version": 6,
          "attributes": {
            "advanced_machine_features": [],
            "allow_stopping_for_update": null,
            "attached_disk": [],
            "boot_disk": [
              {
                "auto_delete": true,
                "device_name": "persistent-disk-0",
                "disk_encryption_key_raw": "",
                "disk_encryption_key_sha256": "",
                "initialize_params": [
                  {
                    "image": "https://www.googleapis.com/compute/v1/projects/centos-cloud/global/images/centos-7-v20220719",
                    "labels": {},
                    "size": 20,
                    "type": "pd-standard"
                  }
                ],
                "kms_key_self_link": "",
                "mode": "READ_WRITE",
                "source": "https://www.googleapis.com/compute/v1/projects/friendlychat-e3857/zones/us-central1-a/disks/n2-standard-2-1"
              }
            ],
            "can_ip_forward": false,
            "confidential_instance_config": [],
            "cpu_platform": "Intel Cascade Lake",
            "current_status": "RUNNING",
            "deletion_protection": false,
            "description": "",
            "desired_status": null,
            "enable_display": false,
            "guest_accelerator": [],
            "hostname": "",
            "id": "projects/friendlychat-e3857/zones/us-central1-a/instances/n2-standard-2-1",
            "instance_id": "8385207780630580622",
            "label_fingerprint": "42WmSpB8rSM=",
            "labels": null,
            "machine_type": "n2-standard-2",
            "metadata": {
              "enable-oslogin": "TRUE"
            },
            "metadata_fingerprint": "EdP0RmCulJI=",
            "metadata_startup_script": null,
            "min_cpu_platform": "",
            "name": "n2-standard-2-1",
            "network_interface": [
              {
                "access_config": [
                  {
                    "nat_ip": "34.72.130.98",
                    "network_tier": "PREMIUM",
                    "public_ptr_domain_name": ""
                  }
                ],
                "alias_ip_range": [],
                "ipv6_access_config": [],
                "ipv6_access_type": "",
                "name": "nic0",
                "network": "https://www.googleapis.com/compute/v1/projects/friendlychat-e3857/global/networks/custom2",
                "network_ip": "10.0.0.2",
                "nic_type": "",
                "queue_count": 0,
                "stack_type": "IPV4_ONLY",
                "subnetwork": "https://www.googleapis.com/compute/v1/projects/friendlychat-e3857/regions/us-central1/subnetworks/custom-subnetwork",
                "subnetwork_project": "friendlychat-e3857"
              }
            ],
            "project": "friendlychat-e3857",
            "reservation_affinity": [],
            "resource_policies": null,
            "scheduling": [
              {
                "automatic_restart": true,
                "instance_termination_action": "",
                "min_node_cpus": 0,
                "node_affinities": [],
                "on_host_maintenance": "MIGRATE",
                "preemptible": false,
                "provisioning_model": "STANDARD"
              }
            ],
            "scratch_disk": [
              {
                "interface": "NVME"
              }
            ],
            "self_link": "https://www.googleapis.com/compute/v1/projects/friendlychat-e3857/zones/us-central1-a/instances/n2-standard-2-1",
            "service_account": [],
            "shielded_instance_config": [
              {
                "enable_integrity_monitoring": true,
                "enable_secure_boot": false,
                "enable_vtpm": true
              }
            ],
            "tags": null,
            "tags_fingerprint": "42WmSpB8rSM=",
            "timeouts": null,
            "zone": "us-central1-a"
          },
          "sensitive_attributes": [],
          "private": "eyJlMmJmYjczMC1lY2FhLTExZTYtOGY4OC0zNDM2M2JjN2M0YzAiOnsiY3JlYXRlIjoxMjAwMDAwMDAwMDAwLCJkZWxldGUiOjEyMDAwMDAwMDAwMDAsInVwZGF0ZSI6MTIwMDAwMDAwMDAwMH0sInNjaGVtYV92ZXJzaW9uIjoiNiJ9",
          "dependencies": [
            "module.landingzone.google_compute_global_address.custom_ip_address",
            "module.landingzone.google_compute_network.vpc_custom_network",
            "module.landingzone.google_compute_subnetwork.network-with-private-secondary-ip-ranges",
            "module.landingzone.google_service_networking_connection.custom_vpc_connection",
            "module.landingzone.google_sql_database.database",
            "module.landingzone.google_sql_database_instance.instance",
            "module.landingzone.google_sql_user.users",
            "module.landingzone.module.bucket.google_storage_bucket.bucket",
            "module.landingzone.module.bucket.google_storage_bucket_iam_member.members",
            "module.landingzone.random_id.db_name_suffix",
            "module.service-enablement.google_project_service.gcp_services"
          ]
        }
      ]
    },
    {
      "module": "module.landingzone",
      "mode": "managed",
      "type": "google_compute_global_address",
      "name": "custom_ip_address",
      "provider": "provider[\"registry.terraform.io/hashicorp/google-beta\"]",
      "instances": [
        {
          "schema_version": 0,
          "attributes": {
            "address": "10.136.0.0",
            "address_type": "INTERNAL",
            "creation_timestamp": "2022-08-18T10:04:50.618-07:00",
            "description": "",
            "id": "projects/friendlychat-e3857/global/addresses/custom-ip-address",
            "ip_version": "",
            "label_fingerprint": "42WmSpB8rSM=",
            "labels": null,
            "name": "custom-ip-address",
            "network": "https://www.googleapis.com/compute/v1/projects/friendlychat-e3857/global/networks/custom2",
            "prefix_length": 16,
            "project": "friendlychat-e3857",
            "purpose": "VPC_PEERING",
            "self_link": "https://www.googleapis.com/compute/v1/projects/friendlychat-e3857/global/addresses/custom-ip-address",
            "timeouts": null
          },
          "sensitive_attributes": [],
          "private": "eyJlMmJmYjczMC1lY2FhLTExZTYtOGY4OC0zNDM2M2JjN2M0YzAiOnsiY3JlYXRlIjoxMjAwMDAwMDAwMDAwLCJkZWxldGUiOjEyMDAwMDAwMDAwMDAsInVwZGF0ZSI6MTIwMDAwMDAwMDAwMH19",
          "dependencies": [
            "module.landingzone.google_compute_network.vpc_custom_network",
            "module.service-enablement.google_project_service.gcp_services"
          ]
        }
      ]
    },
    {
      "module": "module.landingzone",
      "mode": "managed",
      "type": "google_compute_network",
      "name": "vpc_custom_network",
      "provider": "provider[\"registry.terraform.io/hashicorp/google\"]",
      "instances": [
        {
          "schema_version": 0,
          "attributes": {
            "auto_create_subnetworks": false,
            "delete_default_routes_on_create": false,
            "description": "",
            "enable_ula_internal_ipv6": false,
            "gateway_ipv4": "",
            "id": "projects/friendlychat-e3857/global/networks/custom2",
            "internal_ipv6_range": "",
            "mtu": 0,
            "name": "custom2",
            "project": "friendlychat-e3857",
            "routing_mode": "GLOBAL",
            "self_link": "https://www.googleapis.com/compute/v1/projects/friendlychat-e3857/global/networks/custom2",
            "timeouts": null
          },
          "sensitive_attributes": [],
          "private": "eyJlMmJmYjczMC1lY2FhLTExZTYtOGY4OC0zNDM2M2JjN2M0YzAiOnsiY3JlYXRlIjoxMjAwMDAwMDAwMDAwLCJkZWxldGUiOjEyMDAwMDAwMDAwMDAsInVwZGF0ZSI6MTIwMDAwMDAwMDAwMH19",
          "dependencies": [
            "module.service-enablement.google_project_service.gcp_services"
          ]
        }
      ]
    },
    {
      "module": "module.landingzone",
      "mode": "managed",
      "type": "google_compute_subnetwork",
      "name": "network-with-private-secondary-ip-ranges",
      "provider": "provider[\"registry.terraform.io/hashicorp/google\"]",
      "instances": [
        {
          "schema_version": 0,
          "attributes": {
            "creation_timestamp": "2022-08-18T10:04:50.476-07:00",
            "description": "",
            "external_ipv6_prefix": "",
            "fingerprint": null,
            "gateway_address": "10.0.0.1",
            "id": "projects/friendlychat-e3857/regions/us-central1/subnetworks/custom-subnetwork",
            "ip_cidr_range": "10.0.0.0/24",
            "ipv6_access_type": "",
            "ipv6_cidr_range": "",
            "log_config": [],
            "name": "custom-subnetwork",
            "network": "https://www.googleapis.com/compute/v1/projects/friendlychat-e3857/global/networks/custom2",
            "private_ip_google_access": false,
            "private_ipv6_google_access": "DISABLE_GOOGLE_ACCESS",
            "project": "friendlychat-e3857",
            "purpose": "PRIVATE",
            "region": "us-central1",
            "role": "",
            "secondary_ip_range": [
              {
                "ip_cidr_range": "10.2.0.0/24",
                "range_name": "tf-test-secondary-range-update1"
              }
            ],
            "self_link": "https://www.googleapis.com/compute/v1/projects/friendlychat-e3857/regions/us-central1/subnetworks/custom-subnetwork",
            "stack_type": "IPV4_ONLY",
            "timeouts": null
          },
          "sensitive_attributes": [],
          "private": "eyJlMmJmYjczMC1lY2FhLTExZTYtOGY4OC0zNDM2M2JjN2M0YzAiOnsiY3JlYXRlIjoxMjAwMDAwMDAwMDAwLCJkZWxldGUiOjEyMDAwMDAwMDAwMDAsInVwZGF0ZSI6MTIwMDAwMDAwMDAwMH19",
          "dependencies": [
            "module.landingzone.google_compute_network.vpc_custom_network",
            "module.service-enablement.google_project_service.gcp_services"
          ]
        }
      ]
    },
    {
      "module": "module.landingzone",
      "mode": "managed",
      "type": "google_service_networking_connection",
      "name": "custom_vpc_connection",
      "provider": "provider[\"registry.terraform.io/hashicorp/google-beta\"]",
      "instances": [
        {
          "schema_version": 0,
          "attributes": {
            "id": "projects%2Ffriendlychat-e3857%2Fglobal%2Fnetworks%2Fcustom2:servicenetworking.googleapis.com",
            "network": "projects/friendlychat-e3857/global/networks/custom2",
            "peering": "servicenetworking-googleapis-com",
            "reserved_peering_ranges": [
              "custom-ip-address"
            ],
            "service": "servicenetworking.googleapis.com",
            "timeouts": null
          },
          "sensitive_attributes": [],
          "private": "eyJlMmJmYjczMC1lY2FhLTExZTYtOGY4OC0zNDM2M2JjN2M0YzAiOnsiY3JlYXRlIjo2MDAwMDAwMDAwMDAsImRlbGV0ZSI6NjAwMDAwMDAwMDAwLCJ1cGRhdGUiOjYwMDAwMDAwMDAwMH19",
          "dependencies": [
            "module.landingzone.google_compute_global_address.custom_ip_address",
            "module.landingzone.google_compute_network.vpc_custom_network",
            "module.service-enablement.google_project_service.gcp_services"
          ]
        }
      ]
    },
    {
      "module": "module.landingzone",
      "mode": "managed",
      "type": "google_sql_database",
      "name": "database",
      "provider": "provider[\"registry.terraform.io/hashicorp/google\"]",
      "instances": [
        {
          "schema_version": 0,
          "attributes": {
            "charset": "utf8",
            "collation": "utf8_general_ci",
            "id": "projects/friendlychat-e3857/instances/private-instance-f7788f49/databases/kp_test",
            "instance": "private-instance-f7788f49",
            "name": "kp_test",
            "project": "friendlychat-e3857",
            "self_link": "https://sqladmin.googleapis.com/sql/v1beta4/projects/friendlychat-e3857/instances/private-instance-f7788f49/databases/kp_test",
            "timeouts": null
          },
          "sensitive_attributes": [],
          "private": "eyJlMmJmYjczMC1lY2FhLTExZTYtOGY4OC0zNDM2M2JjN2M0YzAiOnsiY3JlYXRlIjoxMjAwMDAwMDAwMDAwLCJkZWxldGUiOjEyMDAwMDAwMDAwMDAsInVwZGF0ZSI6MTIwMDAwMDAwMDAwMH19",
          "dependencies": [
            "module.landingzone.google_compute_global_address.custom_ip_address",
            "module.landingzone.google_compute_network.vpc_custom_network",
            "module.landingzone.google_service_networking_connection.custom_vpc_connection",
            "module.landingzone.google_sql_database_instance.instance",
            "module.landingzone.random_id.db_name_suffix",
            "module.service-enablement.google_project_service.gcp_services"
          ]
        }
      ]
    },
    {
      "module": "module.landingzone",
      "mode": "managed",
      "type": "google_sql_database_instance",
      "name": "instance",
      "provider": "provider[\"registry.terraform.io/hashicorp/google\"]",
      "instances": [
        {
          "schema_version": 0,
          "attributes": {
            "clone": [],
            "connection_name": "friendlychat-e3857:us-central1:private-instance-f7788f49",
            "database_version": "MYSQL_5_7",
            "deletion_protection": false,
            "encryption_key_name": null,
            "first_ip_address": "10.136.0.3",
            "id": "private-instance-f7788f49",
            "ip_address": [
              {
                "ip_address": "10.136.0.3",
                "time_to_retire": "",
                "type": "PRIVATE"
              }
            ],
            "master_instance_name": "",
            "name": "private-instance-f7788f49",
            "private_ip_address": "10.136.0.3",
            "project": "friendlychat-e3857",
            "public_ip_address": "",
            "region": "us-central1",
            "replica_configuration": [],
            "restore_backup_context": [],
            "root_password": null,
            "self_link": "https://sqladmin.googleapis.com/sql/v1beta4/projects/friendlychat-e3857/instances/private-instance-f7788f49",
            "server_ca_cert": [
              {
                "cert": "-----BEGIN CERTIFICATE-----\nMIIDfzCCAmegAwIBAgIBADANBgkqhkiG9w0BAQsFADB3MS0wKwYDVQQuEyQ5YWVl\nZjI2Ny01ZTM5LTQ4ZjMtOWZlYy0zYzBmNDc5ZjllMDAxIzAhBgNVBAMTGkdvb2ds\nZSBDbG91ZCBTUUwgU2VydmVyIENBMRQwEgYDVQQKEwtHb29nbGUsIEluYzELMAkG\nA1UEBhMCVVMwHhcNMjIwODE4MTcwNzE4WhcNMzIwODE1MTcwODE4WjB3MS0wKwYD\nVQQuEyQ5YWVlZjI2Ny01ZTM5LTQ4ZjMtOWZlYy0zYzBmNDc5ZjllMDAxIzAhBgNV\nBAMTGkdvb2dsZSBDbG91ZCBTUUwgU2VydmVyIENBMRQwEgYDVQQKEwtHb29nbGUs\nIEluYzELMAkGA1UEBhMCVVMwggEiMA0GCSqGSIb3DQEBAQUAA4IBDwAwggEKAoIB\nAQCNVfeXY3OfQ2gvkyWHg8kd2ui3z/fQvzOv4UGfgpn5Xa03WBUwo+o531U4NEou\ngU0QbH49T11/6hvG26hTYdTjxx7jcPQqUp15dD0UPzSDV301h2wCga74KYy/YJEw\naAvDYvOcEH6Suo5M8YBGnxeL43UmMxazi/6dhxaO1eP9aVlYNvySDc6B/MKUAIDY\nL5A1sEuZm9Te7+S6Y6+7Q2dZa+mPN96H1RryrVjlJdEXXAkXv85bLSriuCKYfA9M\nqxVyUVtHOnumUN4yzw7XehDEC9D+rEkefbUhvRkmf/eBs7F5YGBxyji9fMUTaYnO\noi+TukyHJc62dSpIRcFu+/fFAgMBAAGjFjAUMBIGA1UdEwEB/wQIMAYBAf8CAQAw\nDQYJKoZIhvcNAQELBQADggEBAIKXjXO43xlIqUNKu9n+Uv+HaYyLnDj4ql90gsOp\nhilFs13KFCMJOBjGBYtaIcS60DhrJqnVBkAQWz8lPKVDNWlLGlBktTn9uyPkrG1x\neReill2WMD/iBclKsi4jqwVFcIhFFHTGzqHo8iYDVTgMq84YywwdFBYSwWKuJpEL\nsi8pdAIhbTh/g0fnC1iIRAEW0GpNWicVLJ5p+bto4tLYqHJXXt0AluoEs//iO4gP\nIUotkk/BcAeYZaDGlhQSUYGIKgy2V4Nlf4y1r/Zzp6XRn48n2j8KJsRalP0Vf8Cq\nZ6trbwXKpIu78N4lPG7I7oEbA6wR1MiKKQ5un6vZ+eIROm8=\n-----END CERTIFICATE-----",
                "common_name": "C=US,O=Google\\, Inc,CN=Google Cloud SQL Server CA,dnQualifier=9aeef267-5e39-48f3-9fec-3c0f479f9e00",
                "create_time": "2022-08-18T17:07:18.467Z",
                "expiration_time": "2032-08-15T17:08:18.467Z",
                "sha1_fingerprint": "9126eea8c75b886ab05d489eb449b8885a882b42"
              }
            ],
            "service_account_email_address": "p932197154344-m4v2hk@gcp-sa-cloud-sql.iam.gserviceaccount.com",
            "settings": [
              {
                "activation_policy": "ALWAYS",
                "active_directory_config": [],
                "availability_type": "ZONAL",
                "backup_configuration": [
                  {
                    "backup_retention_settings": [
                      {
                        "retained_backups": 7,
                        "retention_unit": "COUNT"
                      }
                    ],
                    "binary_log_enabled": false,
                    "enabled": false,
                    "location": "",
                    "point_in_time_recovery_enabled": false,
                    "start_time": "15:00",
                    "transaction_log_retention_days": 7
                  }
                ],
                "collation": "",
                "database_flags": [],
                "disk_autoresize": true,
                "disk_autoresize_limit": 0,
                "disk_size": 10,
                "disk_type": "PD_SSD",
                "insights_config": [],
                "ip_configuration": [
                  {
                    "allocated_ip_range": "",
                    "authorized_networks": [],
                    "ipv4_enabled": false,
                    "private_network": "projects/friendlychat-e3857/global/networks/custom2",
                    "require_ssl": false
                  }
                ],
                "location_preference": [
                  {
                    "follow_gae_application": "",
                    "secondary_zone": "",
                    "zone": "us-central1-f"
                  }
                ],
                "maintenance_window": [],
                "pricing_plan": "PER_USE",
                "sql_server_audit_config": [],
                "tier": "db-f1-micro",
                "user_labels": {},
                "version": 1
              }
            ],
            "timeouts": null
          },
          "sensitive_attributes": [],
          "private": "eyJlMmJmYjczMC1lY2FhLTExZTYtOGY4OC0zNDM2M2JjN2M0YzAiOnsiY3JlYXRlIjoxODAwMDAwMDAwMDAwLCJkZWxldGUiOjE4MDAwMDAwMDAwMDAsInVwZGF0ZSI6MTgwMDAwMDAwMDAwMH19",
          "dependencies": [
            "module.landingzone.google_compute_global_address.custom_ip_address",
            "module.landingzone.google_compute_network.vpc_custom_network",
            "module.landingzone.google_service_networking_connection.custom_vpc_connection",
            "module.landingzone.random_id.db_name_suffix",
            "module.service-enablement.google_project_service.gcp_services"
          ]
        }
      ]
    },
    {
      "module": "module.landingzone",
      "mode": "managed",
      "type": "google_sql_user",
      "name": "users",
      "provider": "provider[\"registry.terraform.io/hashicorp/google\"]",
      "instances": [
        {
          "schema_version": 1,
          "attributes": {
            "deletion_policy": null,
            "host": "",
            "id": "kp_test//private-instance-f7788f49",
            "instance": "private-instance-f7788f49",
            "name": "kp_test",
            "password": "verysecure",
            "project": "friendlychat-e3857",
            "sql_server_user_details": [],
            "timeouts": null,
            "type": ""
          },
          "sensitive_attributes": [],
          "private": "eyJlMmJmYjczMC1lY2FhLTExZTYtOGY4OC0zNDM2M2JjN2M0YzAiOnsiY3JlYXRlIjo2MDAwMDAwMDAwMDAsImRlbGV0ZSI6NjAwMDAwMDAwMDAwLCJ1cGRhdGUiOjYwMDAwMDAwMDAwMH0sInNjaGVtYV92ZXJzaW9uIjoiMSJ9",
          "dependencies": [
            "module.landingzone.google_compute_global_address.custom_ip_address",
            "module.landingzone.google_compute_network.vpc_custom_network",
            "module.landingzone.google_service_networking_connection.custom_vpc_connection",
            "module.landingzone.google_sql_database_instance.instance",
            "module.landingzone.random_id.db_name_suffix",
            "module.service-enablement.google_project_service.gcp_services"
          ]
        }
      ]
    },
    {
      "module": "module.landingzone",
      "mode": "managed",
      "type": "random_id",
      "name": "db_name_suffix",
      "provider": "provider[\"registry.terraform.io/hashicorp/random\"]",
      "instances": [
        {
          "schema_version": 0,
          "attributes": {
            "b64_std": "93iPSQ==",
            "b64_url": "93iPSQ",
            "byte_length": 4,
            "dec": "4151873353",
            "hex": "f7788f49",
            "id": "93iPSQ",
            "keepers": null,
            "prefix": null
          },
          "sensitive_attributes": [],
          "private": "bnVsbA==",
          "dependencies": [
            "module.service-enablement.google_project_service.gcp_services"
          ]
        }
      ]
    },
    {
      "module": "module.landingzone.module.bucket",
      "mode": "managed",
      "type": "google_storage_bucket",
      "name": "bucket",
      "provider": "provider[\"registry.terraform.io/hashicorp/google\"]",
      "instances": [
        {
          "schema_version": 0,
          "attributes": {
            "cors": [],
            "default_event_based_hold": false,
            "encryption": [],
            "force_destroy": false,
            "id": "friendlychat-e3857-bucket1",
            "labels": null,
            "lifecycle_rule": [],
            "location": "US-CENTRAL1",
            "logging": [],
            "name": "friendlychat-e3857-bucket1",
            "project": "friendlychat-e3857",
            "requester_pays": false,
            "retention_policy": [],
            "self_link": "https://www.googleapis.com/storage/v1/b/friendlychat-e3857-bucket1",
            "storage_class": "STANDARD",
            "timeouts": null,
            "uniform_bucket_level_access": true,
            "url": "gs://friendlychat-e3857-bucket1",
            "versioning": [
              {
                "enabled": true
              }
            ],
            "website": []
          },
          "sensitive_attributes": [],
          "private": "eyJlMmJmYjczMC1lY2FhLTExZTYtOGY4OC0zNDM2M2JjN2M0YzAiOnsiY3JlYXRlIjoyNDAwMDAwMDAwMDAsInJlYWQiOjI0MDAwMDAwMDAwMCwidXBkYXRlIjoyNDAwMDAwMDAwMDB9fQ==",
          "dependencies": [
            "module.service-enablement.google_project_service.gcp_services"
          ]
        }
      ]
    },
    {
      "module": "module.service-enablement",
      "mode": "managed",
      "type": "google_project_service",
      "name": "gcp_services",
      "provider": "provider[\"registry.terraform.io/hashicorp/google\"]",
      "instances": [
        {
          "index_key": 0,
          "schema_version": 0,
          "attributes": {
            "disable_dependent_services": true,
            "disable_on_destroy": true,
            "id": "friendlychat-e3857/file.googleapis.com",
            "project": "friendlychat-e3857",
            "service": "file.googleapis.com",
            "timeouts": {
              "create": "30m",
              "delete": null,
              "read": null,
              "update": "40m"
            }
          },
          "sensitive_attributes": [],
          "private": "eyJlMmJmYjczMC1lY2FhLTExZTYtOGY4OC0zNDM2M2JjN2M0YzAiOnsiY3JlYXRlIjoxODAwMDAwMDAwMDAwLCJkZWxldGUiOjEyMDAwMDAwMDAwMDAsInJlYWQiOjYwMDAwMDAwMDAwMCwidXBkYXRlIjoyNDAwMDAwMDAwMDAwfX0="
        },
        {
          "index_key": 1,
          "schema_version": 0,
          "attributes": {
            "disable_dependent_services": true,
            "disable_on_destroy": true,
            "id": "friendlychat-e3857/compute.googleapis.com",
            "project": "friendlychat-e3857",
            "service": "compute.googleapis.com",
            "timeouts": {
              "create": "30m",
              "delete": null,
              "read": null,
              "update": "40m"
            }
          },
          "sensitive_attributes": [],
          "private": "eyJlMmJmYjczMC1lY2FhLTExZTYtOGY4OC0zNDM2M2JjN2M0YzAiOnsiY3JlYXRlIjoxODAwMDAwMDAwMDAwLCJkZWxldGUiOjEyMDAwMDAwMDAwMDAsInJlYWQiOjYwMDAwMDAwMDAwMCwidXBkYXRlIjoyNDAwMDAwMDAwMDAwfX0="
        },
        {
          "index_key": 2,
          "schema_version": 0,
          "attributes": {
            "disable_dependent_services": true,
            "disable_on_destroy": true,
            "id": "friendlychat-e3857/container.googleapis.com",
            "project": "friendlychat-e3857",
            "service": "container.googleapis.com",
            "timeouts": {
              "create": "30m",
              "delete": null,
              "read": null,
              "update": "40m"
            }
          },
          "sensitive_attributes": [],
          "private": "eyJlMmJmYjczMC1lY2FhLTExZTYtOGY4OC0zNDM2M2JjN2M0YzAiOnsiY3JlYXRlIjoxODAwMDAwMDAwMDAwLCJkZWxldGUiOjEyMDAwMDAwMDAwMDAsInJlYWQiOjYwMDAwMDAwMDAwMCwidXBkYXRlIjoyNDAwMDAwMDAwMDAwfX0="
        },
        {
          "index_key": 3,
          "schema_version": 0,
          "attributes": {
            "disable_dependent_services": true,
            "disable_on_destroy": true,
            "id": "friendlychat-e3857/cloudresourcemanager.googleapis.com",
            "project": "friendlychat-e3857",
            "service": "cloudresourcemanager.googleapis.com",
            "timeouts": {
              "create": "30m",
              "delete": null,
              "read": null,
              "update": "40m"
            }
          },
          "sensitive_attributes": [],
          "private": "eyJlMmJmYjczMC1lY2FhLTExZTYtOGY4OC0zNDM2M2JjN2M0YzAiOnsiY3JlYXRlIjoxODAwMDAwMDAwMDAwLCJkZWxldGUiOjEyMDAwMDAwMDAwMDAsInJlYWQiOjYwMDAwMDAwMDAwMCwidXBkYXRlIjoyNDAwMDAwMDAwMDAwfX0="
        },
        {
          "index_key": 4,
          "schema_version": 0,
          "attributes": {
            "disable_dependent_services": true,
            "disable_on_destroy": true,
            "id": "friendlychat-e3857/billingbudgets.googleapis.com",
            "project": "friendlychat-e3857",
            "service": "billingbudgets.googleapis.com",
            "timeouts": {
              "create": "30m",
              "delete": null,
              "read": null,
              "update": "40m"
            }
          },
          "sensitive_attributes": [],
          "private": "eyJlMmJmYjczMC1lY2FhLTExZTYtOGY4OC0zNDM2M2JjN2M0YzAiOnsiY3JlYXRlIjoxODAwMDAwMDAwMDAwLCJkZWxldGUiOjEyMDAwMDAwMDAwMDAsInJlYWQiOjYwMDAwMDAwMDAwMCwidXBkYXRlIjoyNDAwMDAwMDAwMDAwfX0="
        },
        {
          "index_key": 5,
          "schema_version": 0,
          "attributes": {
            "disable_dependent_services": true,
            "disable_on_destroy": true,
            "id": "friendlychat-e3857/sourcerepo.googleapis.com",
            "project": "friendlychat-e3857",
            "service": "sourcerepo.googleapis.com",
            "timeouts": {
              "create": "30m",
              "delete": null,
              "read": null,
              "update": "40m"
            }
          },
          "sensitive_attributes": [],
          "private": "eyJlMmJmYjczMC1lY2FhLTExZTYtOGY4OC0zNDM2M2JjN2M0YzAiOnsiY3JlYXRlIjoxODAwMDAwMDAwMDAwLCJkZWxldGUiOjEyMDAwMDAwMDAwMDAsInJlYWQiOjYwMDAwMDAwMDAwMCwidXBkYXRlIjoyNDAwMDAwMDAwMDAwfX0="
        },
        {
          "index_key": 6,
          "schema_version": 0,
          "attributes": {
            "disable_dependent_services": true,
            "disable_on_destroy": true,
            "id": "friendlychat-e3857/logging.googleapis.com",
            "project": "friendlychat-e3857",
            "service": "logging.googleapis.com",
            "timeouts": {
              "create": "30m",
              "delete": null,
              "read": null,
              "update": "40m"
            }
          },
          "sensitive_attributes": [],
          "private": "eyJlMmJmYjczMC1lY2FhLTExZTYtOGY4OC0zNDM2M2JjN2M0YzAiOnsiY3JlYXRlIjoxODAwMDAwMDAwMDAwLCJkZWxldGUiOjEyMDAwMDAwMDAwMDAsInJlYWQiOjYwMDAwMDAwMDAwMCwidXBkYXRlIjoyNDAwMDAwMDAwMDAwfX0="
        },
        {
          "index_key": 7,
          "schema_version": 0,
          "attributes": {
            "disable_dependent_services": true,
            "disable_on_destroy": true,
            "id": "friendlychat-e3857/monitoring.googleapis.com",
            "project": "friendlychat-e3857",
            "service": "monitoring.googleapis.com",
            "timeouts": {
              "create": "30m",
              "delete": null,
              "read": null,
              "update": "40m"
            }
          },
          "sensitive_attributes": [],
          "private": "eyJlMmJmYjczMC1lY2FhLTExZTYtOGY4OC0zNDM2M2JjN2M0YzAiOnsiY3JlYXRlIjoxODAwMDAwMDAwMDAwLCJkZWxldGUiOjEyMDAwMDAwMDAwMDAsInJlYWQiOjYwMDAwMDAwMDAwMCwidXBkYXRlIjoyNDAwMDAwMDAwMDAwfX0="
        },
        {
          "index_key": 8,
          "schema_version": 0,
          "attributes": {
            "disable_dependent_services": true,
            "disable_on_destroy": true,
            "id": "friendlychat-e3857/bigquery.googleapis.com",
            "project": "friendlychat-e3857",
            "service": "bigquery.googleapis.com",
            "timeouts": {
              "create": "30m",
              "delete": null,
              "read": null,
              "update": "40m"
            }
          },
          "sensitive_attributes": [],
          "private": "eyJlMmJmYjczMC1lY2FhLTExZTYtOGY4OC0zNDM2M2JjN2M0YzAiOnsiY3JlYXRlIjoxODAwMDAwMDAwMDAwLCJkZWxldGUiOjEyMDAwMDAwMDAwMDAsInJlYWQiOjYwMDAwMDAwMDAwMCwidXBkYXRlIjoyNDAwMDAwMDAwMDAwfX0="
        },
        {
          "index_key": 9,
          "schema_version": 0,
          "attributes": {
            "disable_dependent_services": true,
            "disable_on_destroy": true,
            "id": "friendlychat-e3857/sqladmin.googleapis.com",
            "project": "friendlychat-e3857",
            "service": "sqladmin.googleapis.com",
            "timeouts": {
              "create": "30m",
              "delete": null,
              "read": null,
              "update": "40m"
            }
          },
          "sensitive_attributes": [],
          "private": "eyJlMmJmYjczMC1lY2FhLTExZTYtOGY4OC0zNDM2M2JjN2M0YzAiOnsiY3JlYXRlIjoxODAwMDAwMDAwMDAwLCJkZWxldGUiOjEyMDAwMDAwMDAwMDAsInJlYWQiOjYwMDAwMDAwMDAwMCwidXBkYXRlIjoyNDAwMDAwMDAwMDAwfX0="
        },
        {
          "index_key": 10,
          "schema_version": 0,
          "attributes": {
            "disable_dependent_services": true,
            "disable_on_destroy": true,
            "id": "friendlychat-e3857/storage.googleapis.com",
            "project": "friendlychat-e3857",
            "service": "storage.googleapis.com",
            "timeouts": {
              "create": "30m",
              "delete": null,
              "read": null,
              "update": "40m"
            }
          },
          "sensitive_attributes": [],
          "private": "eyJlMmJmYjczMC1lY2FhLTExZTYtOGY4OC0zNDM2M2JjN2M0YzAiOnsiY3JlYXRlIjoxODAwMDAwMDAwMDAwLCJkZWxldGUiOjEyMDAwMDAwMDAwMDAsInJlYWQiOjYwMDAwMDAwMDAwMCwidXBkYXRlIjoyNDAwMDAwMDAwMDAwfX0="
        },
        {
          "index_key": 11,
          "schema_version": 0,
          "attributes": {
            "disable_dependent_services": true,
            "disable_on_destroy": true,
            "id": "friendlychat-e3857/servicenetworking.googleapis.com",
            "project": "friendlychat-e3857",
            "service": "servicenetworking.googleapis.com",
            "timeouts": {
              "create": "30m",
              "delete": null,
              "read": null,
              "update": "40m"
            }
          },
          "sensitive_attributes": [],
          "private": "eyJlMmJmYjczMC1lY2FhLTExZTYtOGY4OC0zNDM2M2JjN2M0YzAiOnsiY3JlYXRlIjoxODAwMDAwMDAwMDAwLCJkZWxldGUiOjEyMDAwMDAwMDAwMDAsInJlYWQiOjYwMDAwMDAwMDAwMCwidXBkYXRlIjoyNDAwMDAwMDAwMDAwfX0="
        }
      ]
    }
  ]
}
